
Microsoft Visual Studio Solution File, Format Version 12.00
# Visual Studio 14
VisualStudioVersion = 14.0.22310.1
MinimumVisualStudioVersion = 10.0.40219.1
Project("{FAE04EC0-301F-11D3-BF4B-00C04F79EFBC}") = "Mfc2Mvvm.Shell", "Mfc2Mvvm.Shell\Mfc2Mvvm.Shell.csproj", "{332F4130-9372-47AE-936C-86AFFE7D6FCF}"
EndProject
Project("{FAE04EC0-301F-11D3-BF4B-00C04F79EFBC}") = "Mfc2Mvvm.Module.Dialog2Wpf", "Mfc2Mvvm.Module.Dialog2Wpf\Mfc2Mvvm.Module.Dialog2Wpf.csproj", "{B4F5F56C-9ABC-4189-BBE7-FA3F1268031B}"
EndProject
Global
	GlobalSection(SolutionConfigurationPlatforms) = preSolution
		Debug|Any CPU = Debug|Any CPU
		Release|Any CPU = Release|Any CPU
	EndGlobalSection
	GlobalSection(ProjectConfigurationPlatforms) = postSolution
		{332F4130-9372-47AE-936C-86AFFE7D6FCF}.Debug|Any CPU.ActiveCfg = Debug|Any CPU
		{332F4130-9372-47AE-936C-86AFFE7D6FCF}.Debug|Any CPU.Build.0 = Debug|Any CPU
		{332F4130-9372-47AE-936C-86AFFE7D6FCF}.Release|Any CPU.ActiveCfg = Release|Any CPU
		{332F4130-9372-47AE-936C-86AFFE7D6FCF}.Release|Any CPU.Build.0 = Release|Any CPU
		{B4F5F56C-9ABC-4189-BBE7-FA3F1268031B}.Debug|Any CPU.ActiveCfg = Debug|Any CPU
		{B4F5F56C-9ABC-4189-BBE7-FA3F1268031B}.Debug|Any CPU.Build.0 = Debug|Any CPU
		{B4F5F56C-9ABC-4189-BBE7-FA3F1268031B}.Release|Any CPU.ActiveCfg = Release|Any CPU
		{B4F5F56C-9ABC-4189-BBE7-FA3F1268031B}.Release|Any CPU.Build.0 = Release|Any CPU
	EndGlobalSection
	GlobalSection(SolutionProperties) = preSolution
		HideSolutionNode = FALSE
	EndGlobalSection
EndGlobal
